{
  "version": 4,
  "terraform_version": "1.13.4",
  "serial": 27,
  "lineage": "4dc719e1-7cd5-6618-04cc-1a1313463975",
  "outputs": {
    "acl_member_usernames": {
      "value": [
        "noam.zimet+2@goteleport.com",
        "noam.zimet+3@goteleport.com",
        "noam.zimet+4@goteleport.com"
      ],
      "type": [
        "tuple",
        [
          "string",
          "string",
          "string"
        ]
      ]
    },
    "role_set_names": {
      "value": {
        "db-admin": {
          "access": "ACME-access-db-admin",
          "acl": "ACME-acl-exception-db-admin",
          "requester": "ACME-requester-db-admin",
          "reviewer": "ACME-reviewer-exception-db-admin"
        },
        "k8s-ops": {
          "access": "ACME-access-k8s-ops",
          "acl": "ACME-acl-exception-k8s-ops",
          "requester": "ACME-requester-k8s-ops",
          "reviewer": "ACME-reviewer-exception-k8s-ops"
        },
        "sec-break-glass": {
          "access": "ACME-access-sec-break-glass",
          "acl": "ACME-acl-exception-sec-break-glass",
          "requester": "ACME-requester-sec-break-glass",
          "reviewer": "ACME-reviewer-exception-sec-break-glass"
        }
      },
      "type": [
        "object",
        {
          "db-admin": [
            "object",
            {
              "access": "string",
              "acl": "string",
              "requester": "string",
              "reviewer": "string"
            }
          ],
          "k8s-ops": [
            "object",
            {
              "access": "string",
              "acl": "string",
              "requester": "string",
              "reviewer": "string"
            }
          ],
          "sec-break-glass": [
            "object",
            {
              "access": "string",
              "acl": "string",
              "requester": "string",
              "reviewer": "string"
            }
          ]
        }
      ]
    }
  },
  "resources": [
    {
      "mode": "data",
      "type": "teleport_access_list",
      "name": "exception_users",
      "provider": "provider[\"terraform.releases.teleport.dev/gravitational/teleport\"]",
      "instances": [
        {
          "schema_version": 0,
          "attributes": {
            "header": {
              "kind": null,
              "metadata": {
                "description": null,
                "expires": null,
                "labels": null,
                "name": "6fcd4bf0-1f79-4351-891e-2bdf29d6f5f9",
                "namespace": null,
                "revision": null
              },
              "sub_kind": null,
              "version": "v1"
            },
            "id": "6fcd4bf0-1f79-4351-891e-2bdf29d6f5f9",
            "spec": null
          },
          "sensitive_attributes": [],
          "identity_schema_version": 0
        }
      ]
    },
    {
      "mode": "managed",
      "type": "teleport_access_list",
      "name": "exception_role",
      "provider": "provider[\"terraform.releases.teleport.dev/gravitational/teleport\"]",
      "instances": [
        {
          "index_key": "db-admin",
          "schema_version": 0,
          "attributes": {
            "header": {
              "kind": "access_list",
              "metadata": {
                "description": null,
                "expires": null,
                "labels": null,
                "name": "ACME-acl-exception-db-admin",
                "namespace": "",
                "revision": "ab655859-4a0e-478a-bd8f-7c9340af8d52"
              },
              "sub_kind": null,
              "version": "v1"
            },
            "id": "ACME-acl-exception-db-admin",
            "spec": {
              "audit": {
                "next_audit_date": "2026-12-05T08:00:00Z",
                "notifications": {
                  "start": "336h0m0s"
                },
                "recurrence": {
                  "day_of_month": 1,
                  "frequency": 6
                }
              },
              "description": "Production database administrators",
              "grants": {
                "roles": [
                  "ACME-requester-db-admin",
                  "ACME-reviewer-exception-db-admin"
                ],
                "scoped_roles": null,
                "traits": [
                  {
                    "key": "cmdb_role_acl",
                    "values": [
                      "db_admin_prod"
                    ]
                  }
                ]
              },
              "membership_requires": {
                "roles": [],
                "traits": []
              },
              "owner_grants": {
                "roles": [],
                "scoped_roles": null,
                "traits": []
              },
              "owners": [
                {
                  "description": null,
                  "membership_kind": null,
                  "name": "noam.zimet@goteleport.com"
                }
              ],
              "ownership_requires": {
                "roles": [],
                "traits": []
              },
              "title": "DB Admin Prod",
              "type": "static"
            }
          },
          "sensitive_attributes": [],
          "identity_schema_version": 0,
          "dependencies": [
            "teleport_role.access",
            "teleport_role.requester",
            "teleport_role.reviewer"
          ]
        },
        {
          "index_key": "k8s-ops",
          "schema_version": 0,
          "attributes": {
            "header": {
              "kind": "access_list",
              "metadata": {
                "description": null,
                "expires": null,
                "labels": null,
                "name": "ACME-acl-exception-k8s-ops",
                "namespace": "",
                "revision": "e000eb8c-dc46-420d-96ab-feb081c5de7c"
              },
              "sub_kind": null,
              "version": "v1"
            },
            "id": "ACME-acl-exception-k8s-ops",
            "spec": {
              "audit": {
                "next_audit_date": "2026-12-05T08:00:00Z",
                "notifications": {
                  "start": "336h0m0s"
                },
                "recurrence": {
                  "day_of_month": 1,
                  "frequency": 6
                }
              },
              "description": "Kubernetes operators for staging cluster",
              "grants": {
                "roles": [
                  "ACME-requester-k8s-ops",
                  "ACME-reviewer-exception-k8s-ops"
                ],
                "scoped_roles": null,
                "traits": [
                  {
                    "key": "cmdb_role_acl",
                    "values": [
                      "k8s_ops_staging"
                    ]
                  }
                ]
              },
              "membership_requires": {
                "roles": [],
                "traits": []
              },
              "owner_grants": {
                "roles": [],
                "scoped_roles": null,
                "traits": []
              },
              "owners": [
                {
                  "description": null,
                  "membership_kind": null,
                  "name": "noam.zimet@goteleport.com"
                }
              ],
              "ownership_requires": {
                "roles": [],
                "traits": []
              },
              "title": "K8s Ops Staging",
              "type": "static"
            }
          },
          "sensitive_attributes": [],
          "identity_schema_version": 0,
          "dependencies": [
            "teleport_role.access",
            "teleport_role.requester",
            "teleport_role.reviewer"
          ]
        },
        {
          "index_key": "sec-break-glass",
          "schema_version": 0,
          "attributes": {
            "header": {
              "kind": "access_list",
              "metadata": {
                "description": null,
                "expires": null,
                "labels": null,
                "name": "ACME-acl-exception-sec-break-glass",
                "namespace": "",
                "revision": "975be32f-184c-4ae7-8282-8598f7c1941e"
              },
              "sub_kind": null,
              "version": "v1"
            },
            "id": "ACME-acl-exception-sec-break-glass",
            "spec": {
              "audit": {
                "next_audit_date": "2026-12-05T08:00:00Z",
                "notifications": {
                  "start": "336h0m0s"
                },
                "recurrence": {
                  "day_of_month": 1,
                  "frequency": 6
                }
              },
              "description": "Emergency break-glass access for security team",
              "grants": {
                "roles": [
                  "ACME-requester-sec-break-glass",
                  "ACME-reviewer-exception-sec-break-glass"
                ],
                "scoped_roles": null,
                "traits": [
                  {
                    "key": "cmdb_role_acl",
                    "values": [
                      "security_break_glass"
                    ]
                  }
                ]
              },
              "membership_requires": {
                "roles": [],
                "traits": []
              },
              "owner_grants": {
                "roles": [],
                "scoped_roles": null,
                "traits": []
              },
              "owners": [
                {
                  "description": null,
                  "membership_kind": null,
                  "name": "noam.zimet@goteleport.com"
                }
              ],
              "ownership_requires": {
                "roles": [],
                "traits": []
              },
              "title": "Security Break Glass",
              "type": "static"
            }
          },
          "sensitive_attributes": [],
          "identity_schema_version": 0,
          "dependencies": [
            "teleport_role.access",
            "teleport_role.requester",
            "teleport_role.reviewer"
          ]
        }
      ]
    },
    {
      "mode": "managed",
      "type": "teleport_access_list_member",
      "name": "exception_users_nested",
      "provider": "provider[\"terraform.releases.teleport.dev/gravitational/teleport\"]",
      "instances": [
        {
          "index_key": "db-admin",
          "schema_version": 0,
          "attributes": {
            "header": {
              "kind": "access_list_member",
              "metadata": {
                "description": null,
                "expires": null,
                "labels": null,
                "name": "6fcd4bf0-1f79-4351-891e-2bdf29d6f5f9",
                "namespace": "",
                "revision": "4c914f45-6397-4a42-b204-d1f82c8320d8"
              },
              "sub_kind": null,
              "version": "v1"
            },
            "id": "ACME-acl-exception-db-admin/6fcd4bf0-1f79-4351-891e-2bdf29d6f5f9",
            "spec": {
              "access_list": "ACME-acl-exception-db-admin",
              "added_by": "bot-tctl-terraform-env-4e5c1442",
              "expires": null,
              "joined": null,
              "membership_kind": 2,
              "name": "6fcd4bf0-1f79-4351-891e-2bdf29d6f5f9",
              "reason": null
            }
          },
          "sensitive_attributes": [],
          "identity_schema_version": 0,
          "dependencies": [
            "data.teleport_access_list.exception_users",
            "teleport_access_list.exception_role",
            "teleport_role.access",
            "teleport_role.requester",
            "teleport_role.reviewer"
          ]
        },
        {
          "index_key": "k8s-ops",
          "schema_version": 0,
          "attributes": {
            "header": {
              "kind": "access_list_member",
              "metadata": {
                "description": null,
                "expires": null,
                "labels": null,
                "name": "6fcd4bf0-1f79-4351-891e-2bdf29d6f5f9",
                "namespace": "",
                "revision": "eb005e7d-14ab-4273-a5c3-672245dbb248"
              },
              "sub_kind": null,
              "version": "v1"
            },
            "id": "ACME-acl-exception-k8s-ops/6fcd4bf0-1f79-4351-891e-2bdf29d6f5f9",
            "spec": {
              "access_list": "ACME-acl-exception-k8s-ops",
              "added_by": "bot-tctl-terraform-env-4e5c1442",
              "expires": null,
              "joined": null,
              "membership_kind": 2,
              "name": "6fcd4bf0-1f79-4351-891e-2bdf29d6f5f9",
              "reason": null
            }
          },
          "sensitive_attributes": [],
          "identity_schema_version": 0,
          "dependencies": [
            "data.teleport_access_list.exception_users",
            "teleport_access_list.exception_role",
            "teleport_role.access",
            "teleport_role.requester",
            "teleport_role.reviewer"
          ]
        },
        {
          "index_key": "sec-break-glass",
          "schema_version": 0,
          "attributes": {
            "header": {
              "kind": "access_list_member",
              "metadata": {
                "description": null,
                "expires": null,
                "labels": null,
                "name": "6fcd4bf0-1f79-4351-891e-2bdf29d6f5f9",
                "namespace": "",
                "revision": "8bf74ee9-360e-4982-8918-309d76856ca0"
              },
              "sub_kind": null,
              "version": "v1"
            },
            "id": "ACME-acl-exception-sec-break-glass/6fcd4bf0-1f79-4351-891e-2bdf29d6f5f9",
            "spec": {
              "access_list": "ACME-acl-exception-sec-break-glass",
              "added_by": "bot-tctl-terraform-env-4e5c1442",
              "expires": null,
              "joined": null,
              "membership_kind": 2,
              "name": "6fcd4bf0-1f79-4351-891e-2bdf29d6f5f9",
              "reason": null
            }
          },
          "sensitive_attributes": [],
          "identity_schema_version": 0,
          "dependencies": [
            "data.teleport_access_list.exception_users",
            "teleport_access_list.exception_role",
            "teleport_role.access",
            "teleport_role.requester",
            "teleport_role.reviewer"
          ]
        }
      ]
    },
    {
      "mode": "managed",
      "type": "teleport_role",
      "name": "access",
      "provider": "provider[\"terraform.releases.teleport.dev/gravitational/teleport\"]",
      "instances": [
        {
          "index_key": "db-admin",
          "schema_version": 0,
          "attributes": {
            "id": "ACME-access-db-admin",
            "kind": "role",
            "metadata": {
              "description": null,
              "expires": null,
              "labels": null,
              "name": "ACME-access-db-admin",
              "namespace": "default",
              "revision": null
            },
            "spec": {
              "allow": {
                "account_assignments": null,
                "app_labels": null,
                "app_labels_expression": null,
                "aws_role_arns": null,
                "azure_identities": null,
                "cluster_labels": null,
                "cluster_labels_expression": null,
                "db_labels": null,
                "db_labels_expression": null,
                "db_names": null,
                "db_permissions": null,
                "db_roles": null,
                "db_service_labels": null,
                "db_service_labels_expression": null,
                "db_users": null,
                "desktop_groups": null,
                "gcp_service_accounts": null,
                "github_permissions": null,
                "group_labels": null,
                "group_labels_expression": null,
                "host_groups": null,
                "host_sudoers": null,
                "impersonate": null,
                "join_sessions": null,
                "kubernetes_groups": null,
                "kubernetes_labels": null,
                "kubernetes_labels_expression": null,
                "kubernetes_resources": [],
                "kubernetes_users": null,
                "logins": [
                  "root",
                  "ubuntu"
                ],
                "mcp": null,
                "node_labels": {
                  "cmdb_role": [
                    "db_admin_prod"
                  ]
                },
                "node_labels_expression": null,
                "request": null,
                "require_session_join": null,
                "review_requests": null,
                "rules": null,
                "spiffe": null,
                "windows_desktop_labels": null,
                "windows_desktop_labels_expression": null,
                "windows_desktop_logins": null,
                "workload_identity_labels": null,
                "workload_identity_labels_expression": null
              },
              "deny": {
                "account_assignments": null,
                "app_labels": null,
                "app_labels_expression": null,
                "aws_role_arns": null,
                "azure_identities": null,
                "cluster_labels": null,
                "cluster_labels_expression": null,
                "db_labels": null,
                "db_labels_expression": null,
                "db_names": null,
                "db_permissions": null,
                "db_roles": null,
                "db_service_labels": null,
                "db_service_labels_expression": null,
                "db_users": null,
                "desktop_groups": null,
                "gcp_service_accounts": null,
                "github_permissions": null,
                "group_labels": null,
                "group_labels_expression": null,
                "host_groups": null,
                "host_sudoers": null,
                "impersonate": null,
                "join_sessions": null,
                "kubernetes_groups": null,
                "kubernetes_labels": null,
                "kubernetes_labels_expression": null,
                "kubernetes_resources": null,
                "kubernetes_users": null,
                "logins": null,
                "mcp": null,
                "node_labels": null,
                "node_labels_expression": null,
                "request": null,
                "require_session_join": null,
                "review_requests": null,
                "rules": null,
                "spiffe": null,
                "windows_desktop_labels": null,
                "windows_desktop_labels_expression": null,
                "windows_desktop_logins": null,
                "workload_identity_labels": null,
                "workload_identity_labels_expression": null
              },
              "options": {
                "cert_extensions": null,
                "cert_format": "standard",
                "client_idle_timeout": null,
                "create_db_user": false,
                "create_db_user_mode": null,
                "create_desktop_user": false,
                "create_host_user": null,
                "create_host_user_default_shell": null,
                "create_host_user_mode": null,
                "desktop_clipboard": true,
                "desktop_directory_sharing": true,
                "device_trust_mode": null,
                "disconnect_expired_cert": null,
                "enhanced_recording": [
                  "command",
                  "network"
                ],
                "forward_agent": false,
                "idp": null,
                "lock": null,
                "max_connections": null,
                "max_kubernetes_connections": null,
                "max_session_ttl": "30h0m0s",
                "max_sessions": null,
                "mfa_verification_interval": null,
                "permit_x11_forwarding": null,
                "pin_source_ip": false,
                "port_forwarding": null,
                "record_session": {
                  "default": "best_effort",
                  "desktop": true,
                  "ssh": null
                },
                "request_access": null,
                "request_prompt": null,
                "require_session_mfa": null,
                "ssh_file_copy": true,
                "ssh_port_forwarding": null
              }
            },
            "sub_kind": null,
            "version": "v8"
          },
          "sensitive_attributes": [],
          "identity_schema_version": 0
        },
        {
          "index_key": "k8s-ops",
          "schema_version": 0,
          "attributes": {
            "id": "ACME-access-k8s-ops",
            "kind": "role",
            "metadata": {
              "description": null,
              "expires": null,
              "labels": null,
              "name": "ACME-access-k8s-ops",
              "namespace": "default",
              "revision": null
            },
            "spec": {
              "allow": {
                "account_assignments": null,
                "app_labels": null,
                "app_labels_expression": null,
                "aws_role_arns": null,
                "azure_identities": null,
                "cluster_labels": null,
                "cluster_labels_expression": null,
                "db_labels": null,
                "db_labels_expression": null,
                "db_names": null,
                "db_permissions": null,
                "db_roles": null,
                "db_service_labels": null,
                "db_service_labels_expression": null,
                "db_users": null,
                "desktop_groups": null,
                "gcp_service_accounts": null,
                "github_permissions": null,
                "group_labels": null,
                "group_labels_expression": null,
                "host_groups": null,
                "host_sudoers": null,
                "impersonate": null,
                "join_sessions": null,
                "kubernetes_groups": null,
                "kubernetes_labels": null,
                "kubernetes_labels_expression": null,
                "kubernetes_resources": [],
                "kubernetes_users": null,
                "logins": [
                  "root",
                  "ubuntu"
                ],
                "mcp": null,
                "node_labels": {
                  "cmdb_role": [
                    "k8s_ops_staging"
                  ]
                },
                "node_labels_expression": null,
                "request": null,
                "require_session_join": null,
                "review_requests": null,
                "rules": null,
                "spiffe": null,
                "windows_desktop_labels": null,
                "windows_desktop_labels_expression": null,
                "windows_desktop_logins": null,
                "workload_identity_labels": null,
                "workload_identity_labels_expression": null
              },
              "deny": {
                "account_assignments": null,
                "app_labels": null,
                "app_labels_expression": null,
                "aws_role_arns": null,
                "azure_identities": null,
                "cluster_labels": null,
                "cluster_labels_expression": null,
                "db_labels": null,
                "db_labels_expression": null,
                "db_names": null,
                "db_permissions": null,
                "db_roles": null,
                "db_service_labels": null,
                "db_service_labels_expression": null,
                "db_users": null,
                "desktop_groups": null,
                "gcp_service_accounts": null,
                "github_permissions": null,
                "group_labels": null,
                "group_labels_expression": null,
                "host_groups": null,
                "host_sudoers": null,
                "impersonate": null,
                "join_sessions": null,
                "kubernetes_groups": null,
                "kubernetes_labels": null,
                "kubernetes_labels_expression": null,
                "kubernetes_resources": null,
                "kubernetes_users": null,
                "logins": null,
                "mcp": null,
                "node_labels": null,
                "node_labels_expression": null,
                "request": null,
                "require_session_join": null,
                "review_requests": null,
                "rules": null,
                "spiffe": null,
                "windows_desktop_labels": null,
                "windows_desktop_labels_expression": null,
                "windows_desktop_logins": null,
                "workload_identity_labels": null,
                "workload_identity_labels_expression": null
              },
              "options": {
                "cert_extensions": null,
                "cert_format": "standard",
                "client_idle_timeout": null,
                "create_db_user": false,
                "create_db_user_mode": null,
                "create_desktop_user": false,
                "create_host_user": null,
                "create_host_user_default_shell": null,
                "create_host_user_mode": null,
                "desktop_clipboard": true,
                "desktop_directory_sharing": true,
                "device_trust_mode": null,
                "disconnect_expired_cert": null,
                "enhanced_recording": [
                  "command",
                  "network"
                ],
                "forward_agent": false,
                "idp": null,
                "lock": null,
                "max_connections": null,
                "max_kubernetes_connections": null,
                "max_session_ttl": "30h0m0s",
                "max_sessions": null,
                "mfa_verification_interval": null,
                "permit_x11_forwarding": null,
                "pin_source_ip": false,
                "port_forwarding": null,
                "record_session": {
                  "default": "best_effort",
                  "desktop": true,
                  "ssh": null
                },
                "request_access": null,
                "request_prompt": null,
                "require_session_mfa": null,
                "ssh_file_copy": true,
                "ssh_port_forwarding": null
              }
            },
            "sub_kind": null,
            "version": "v8"
          },
          "sensitive_attributes": [],
          "identity_schema_version": 0
        },
        {
          "index_key": "sec-break-glass",
          "schema_version": 0,
          "attributes": {
            "id": "ACME-access-sec-break-glass",
            "kind": "role",
            "metadata": {
              "description": null,
              "expires": null,
              "labels": null,
              "name": "ACME-access-sec-break-glass",
              "namespace": "default",
              "revision": null
            },
            "spec": {
              "allow": {
                "account_assignments": null,
                "app_labels": null,
                "app_labels_expression": null,
                "aws_role_arns": null,
                "azure_identities": null,
                "cluster_labels": null,
                "cluster_labels_expression": null,
                "db_labels": null,
                "db_labels_expression": null,
                "db_names": null,
                "db_permissions": null,
                "db_roles": null,
                "db_service_labels": null,
                "db_service_labels_expression": null,
                "db_users": null,
                "desktop_groups": null,
                "gcp_service_accounts": null,
                "github_permissions": null,
                "group_labels": null,
                "group_labels_expression": null,
                "host_groups": null,
                "host_sudoers": null,
                "impersonate": null,
                "join_sessions": null,
                "kubernetes_groups": null,
                "kubernetes_labels": null,
                "kubernetes_labels_expression": null,
                "kubernetes_resources": [],
                "kubernetes_users": null,
                "logins": [
                  "root",
                  "ubuntu"
                ],
                "mcp": null,
                "node_labels": {
                  "cmdb_role": [
                    "security_break_glass"
                  ]
                },
                "node_labels_expression": null,
                "request": null,
                "require_session_join": null,
                "review_requests": null,
                "rules": null,
                "spiffe": null,
                "windows_desktop_labels": null,
                "windows_desktop_labels_expression": null,
                "windows_desktop_logins": null,
                "workload_identity_labels": null,
                "workload_identity_labels_expression": null
              },
              "deny": {
                "account_assignments": null,
                "app_labels": null,
                "app_labels_expression": null,
                "aws_role_arns": null,
                "azure_identities": null,
                "cluster_labels": null,
                "cluster_labels_expression": null,
                "db_labels": null,
                "db_labels_expression": null,
                "db_names": null,
                "db_permissions": null,
                "db_roles": null,
                "db_service_labels": null,
                "db_service_labels_expression": null,
                "db_users": null,
                "desktop_groups": null,
                "gcp_service_accounts": null,
                "github_permissions": null,
                "group_labels": null,
                "group_labels_expression": null,
                "host_groups": null,
                "host_sudoers": null,
                "impersonate": null,
                "join_sessions": null,
                "kubernetes_groups": null,
                "kubernetes_labels": null,
                "kubernetes_labels_expression": null,
                "kubernetes_resources": null,
                "kubernetes_users": null,
                "logins": null,
                "mcp": null,
                "node_labels": null,
                "node_labels_expression": null,
                "request": null,
                "require_session_join": null,
                "review_requests": null,
                "rules": null,
                "spiffe": null,
                "windows_desktop_labels": null,
                "windows_desktop_labels_expression": null,
                "windows_desktop_logins": null,
                "workload_identity_labels": null,
                "workload_identity_labels_expression": null
              },
              "options": {
                "cert_extensions": null,
                "cert_format": "standard",
                "client_idle_timeout": null,
                "create_db_user": false,
                "create_db_user_mode": null,
                "create_desktop_user": false,
                "create_host_user": null,
                "create_host_user_default_shell": null,
                "create_host_user_mode": null,
                "desktop_clipboard": true,
                "desktop_directory_sharing": true,
                "device_trust_mode": null,
                "disconnect_expired_cert": null,
                "enhanced_recording": [
                  "command",
                  "network"
                ],
                "forward_agent": false,
                "idp": null,
                "lock": null,
                "max_connections": null,
                "max_kubernetes_connections": null,
                "max_session_ttl": "30h0m0s",
                "max_sessions": null,
                "mfa_verification_interval": null,
                "permit_x11_forwarding": null,
                "pin_source_ip": false,
                "port_forwarding": null,
                "record_session": {
                  "default": "best_effort",
                  "desktop": true,
                  "ssh": null
                },
                "request_access": null,
                "request_prompt": null,
                "require_session_mfa": null,
                "ssh_file_copy": true,
                "ssh_port_forwarding": null
              }
            },
            "sub_kind": null,
            "version": "v8"
          },
          "sensitive_attributes": [],
          "identity_schema_version": 0
        }
      ]
    },
    {
      "mode": "managed",
      "type": "teleport_role",
      "name": "requester",
      "provider": "provider[\"terraform.releases.teleport.dev/gravitational/teleport\"]",
      "instances": [
        {
          "index_key": "db-admin",
          "schema_version": 0,
          "attributes": {
            "id": "ACME-requester-db-admin",
            "kind": "role",
            "metadata": {
              "description": null,
              "expires": null,
              "labels": null,
              "name": "ACME-requester-db-admin",
              "namespace": "default",
              "revision": null
            },
            "spec": {
              "allow": {
                "account_assignments": null,
                "app_labels": null,
                "app_labels_expression": null,
                "aws_role_arns": null,
                "azure_identities": null,
                "cluster_labels": null,
                "cluster_labels_expression": null,
                "db_labels": null,
                "db_labels_expression": null,
                "db_names": null,
                "db_permissions": null,
                "db_roles": null,
                "db_service_labels": null,
                "db_service_labels_expression": null,
                "db_users": null,
                "desktop_groups": null,
                "gcp_service_accounts": null,
                "github_permissions": null,
                "group_labels": null,
                "group_labels_expression": null,
                "host_groups": null,
                "host_sudoers": null,
                "impersonate": null,
                "join_sessions": null,
                "kubernetes_groups": null,
                "kubernetes_labels": null,
                "kubernetes_labels_expression": null,
                "kubernetes_resources": [],
                "kubernetes_users": null,
                "logins": null,
                "mcp": null,
                "node_labels": null,
                "node_labels_expression": null,
                "request": {
                  "annotations": null,
                  "claims_to_roles": null,
                  "kubernetes_resources": null,
                  "max_duration": "8h0m0s",
                  "reason": null,
                  "roles": null,
                  "search_as_roles": [
                    "ACME-access-db-admin"
                  ],
                  "suggested_reviewers": null,
                  "thresholds": [
                    {
                      "approve": 1,
                      "deny": 1,
                      "filter": null,
                      "name": null
                    }
                  ]
                },
                "require_session_join": null,
                "review_requests": null,
                "rules": null,
                "spiffe": null,
                "windows_desktop_labels": null,
                "windows_desktop_labels_expression": null,
                "windows_desktop_logins": null,
                "workload_identity_labels": null,
                "workload_identity_labels_expression": null
              },
              "deny": {
                "account_assignments": null,
                "app_labels": null,
                "app_labels_expression": null,
                "aws_role_arns": null,
                "azure_identities": null,
                "cluster_labels": null,
                "cluster_labels_expression": null,
                "db_labels": null,
                "db_labels_expression": null,
                "db_names": null,
                "db_permissions": null,
                "db_roles": null,
                "db_service_labels": null,
                "db_service_labels_expression": null,
                "db_users": null,
                "desktop_groups": null,
                "gcp_service_accounts": null,
                "github_permissions": null,
                "group_labels": null,
                "group_labels_expression": null,
                "host_groups": null,
                "host_sudoers": null,
                "impersonate": null,
                "join_sessions": null,
                "kubernetes_groups": null,
                "kubernetes_labels": null,
                "kubernetes_labels_expression": null,
                "kubernetes_resources": null,
                "kubernetes_users": null,
                "logins": null,
                "mcp": null,
                "node_labels": null,
                "node_labels_expression": null,
                "request": null,
                "require_session_join": null,
                "review_requests": null,
                "rules": null,
                "spiffe": null,
                "windows_desktop_labels": null,
                "windows_desktop_labels_expression": null,
                "windows_desktop_logins": null,
                "workload_identity_labels": null,
                "workload_identity_labels_expression": null
              },
              "options": {
                "cert_extensions": null,
                "cert_format": "standard",
                "client_idle_timeout": null,
                "create_db_user": false,
                "create_db_user_mode": null,
                "create_desktop_user": false,
                "create_host_user": null,
                "create_host_user_default_shell": null,
                "create_host_user_mode": null,
                "desktop_clipboard": true,
                "desktop_directory_sharing": true,
                "device_trust_mode": null,
                "disconnect_expired_cert": null,
                "enhanced_recording": [
                  "command",
                  "network"
                ],
                "forward_agent": false,
                "idp": null,
                "lock": null,
                "max_connections": null,
                "max_kubernetes_connections": null,
                "max_session_ttl": "30h0m0s",
                "max_sessions": null,
                "mfa_verification_interval": null,
                "permit_x11_forwarding": null,
                "pin_source_ip": false,
                "port_forwarding": null,
                "record_session": {
                  "default": "best_effort",
                  "desktop": true,
                  "ssh": null
                },
                "request_access": null,
                "request_prompt": null,
                "require_session_mfa": null,
                "ssh_file_copy": true,
                "ssh_port_forwarding": null
              }
            },
            "sub_kind": null,
            "version": "v8"
          },
          "sensitive_attributes": [],
          "identity_schema_version": 0,
          "dependencies": [
            "teleport_role.access"
          ]
        },
        {
          "index_key": "k8s-ops",
          "schema_version": 0,
          "attributes": {
            "id": "ACME-requester-k8s-ops",
            "kind": "role",
            "metadata": {
              "description": null,
              "expires": null,
              "labels": null,
              "name": "ACME-requester-k8s-ops",
              "namespace": "default",
              "revision": null
            },
            "spec": {
              "allow": {
                "account_assignments": null,
                "app_labels": null,
                "app_labels_expression": null,
                "aws_role_arns": null,
                "azure_identities": null,
                "cluster_labels": null,
                "cluster_labels_expression": null,
                "db_labels": null,
                "db_labels_expression": null,
                "db_names": null,
                "db_permissions": null,
                "db_roles": null,
                "db_service_labels": null,
                "db_service_labels_expression": null,
                "db_users": null,
                "desktop_groups": null,
                "gcp_service_accounts": null,
                "github_permissions": null,
                "group_labels": null,
                "group_labels_expression": null,
                "host_groups": null,
                "host_sudoers": null,
                "impersonate": null,
                "join_sessions": null,
                "kubernetes_groups": null,
                "kubernetes_labels": null,
                "kubernetes_labels_expression": null,
                "kubernetes_resources": [],
                "kubernetes_users": null,
                "logins": null,
                "mcp": null,
                "node_labels": null,
                "node_labels_expression": null,
                "request": {
                  "annotations": null,
                  "claims_to_roles": null,
                  "kubernetes_resources": null,
                  "max_duration": "8h0m0s",
                  "reason": null,
                  "roles": null,
                  "search_as_roles": [
                    "ACME-access-k8s-ops"
                  ],
                  "suggested_reviewers": null,
                  "thresholds": [
                    {
                      "approve": 1,
                      "deny": 1,
                      "filter": null,
                      "name": null
                    }
                  ]
                },
                "require_session_join": null,
                "review_requests": null,
                "rules": null,
                "spiffe": null,
                "windows_desktop_labels": null,
                "windows_desktop_labels_expression": null,
                "windows_desktop_logins": null,
                "workload_identity_labels": null,
                "workload_identity_labels_expression": null
              },
              "deny": {
                "account_assignments": null,
                "app_labels": null,
                "app_labels_expression": null,
                "aws_role_arns": null,
                "azure_identities": null,
                "cluster_labels": null,
                "cluster_labels_expression": null,
                "db_labels": null,
                "db_labels_expression": null,
                "db_names": null,
                "db_permissions": null,
                "db_roles": null,
                "db_service_labels": null,
                "db_service_labels_expression": null,
                "db_users": null,
                "desktop_groups": null,
                "gcp_service_accounts": null,
                "github_permissions": null,
                "group_labels": null,
                "group_labels_expression": null,
                "host_groups": null,
                "host_sudoers": null,
                "impersonate": null,
                "join_sessions": null,
                "kubernetes_groups": null,
                "kubernetes_labels": null,
                "kubernetes_labels_expression": null,
                "kubernetes_resources": null,
                "kubernetes_users": null,
                "logins": null,
                "mcp": null,
                "node_labels": null,
                "node_labels_expression": null,
                "request": null,
                "require_session_join": null,
                "review_requests": null,
                "rules": null,
                "spiffe": null,
                "windows_desktop_labels": null,
                "windows_desktop_labels_expression": null,
                "windows_desktop_logins": null,
                "workload_identity_labels": null,
                "workload_identity_labels_expression": null
              },
              "options": {
                "cert_extensions": null,
                "cert_format": "standard",
                "client_idle_timeout": null,
                "create_db_user": false,
                "create_db_user_mode": null,
                "create_desktop_user": false,
                "create_host_user": null,
                "create_host_user_default_shell": null,
                "create_host_user_mode": null,
                "desktop_clipboard": true,
                "desktop_directory_sharing": true,
                "device_trust_mode": null,
                "disconnect_expired_cert": null,
                "enhanced_recording": [
                  "command",
                  "network"
                ],
                "forward_agent": false,
                "idp": null,
                "lock": null,
                "max_connections": null,
                "max_kubernetes_connections": null,
                "max_session_ttl": "30h0m0s",
                "max_sessions": null,
                "mfa_verification_interval": null,
                "permit_x11_forwarding": null,
                "pin_source_ip": false,
                "port_forwarding": null,
                "record_session": {
                  "default": "best_effort",
                  "desktop": true,
                  "ssh": null
                },
                "request_access": null,
                "request_prompt": null,
                "require_session_mfa": null,
                "ssh_file_copy": true,
                "ssh_port_forwarding": null
              }
            },
            "sub_kind": null,
            "version": "v8"
          },
          "sensitive_attributes": [],
          "identity_schema_version": 0,
          "dependencies": [
            "teleport_role.access"
          ]
        },
        {
          "index_key": "sec-break-glass",
          "schema_version": 0,
          "attributes": {
            "id": "ACME-requester-sec-break-glass",
            "kind": "role",
            "metadata": {
              "description": null,
              "expires": null,
              "labels": null,
              "name": "ACME-requester-sec-break-glass",
              "namespace": "default",
              "revision": null
            },
            "spec": {
              "allow": {
                "account_assignments": null,
                "app_labels": null,
                "app_labels_expression": null,
                "aws_role_arns": null,
                "azure_identities": null,
                "cluster_labels": null,
                "cluster_labels_expression": null,
                "db_labels": null,
                "db_labels_expression": null,
                "db_names": null,
                "db_permissions": null,
                "db_roles": null,
                "db_service_labels": null,
                "db_service_labels_expression": null,
                "db_users": null,
                "desktop_groups": null,
                "gcp_service_accounts": null,
                "github_permissions": null,
                "group_labels": null,
                "group_labels_expression": null,
                "host_groups": null,
                "host_sudoers": null,
                "impersonate": null,
                "join_sessions": null,
                "kubernetes_groups": null,
                "kubernetes_labels": null,
                "kubernetes_labels_expression": null,
                "kubernetes_resources": [],
                "kubernetes_users": null,
                "logins": null,
                "mcp": null,
                "node_labels": null,
                "node_labels_expression": null,
                "request": {
                  "annotations": null,
                  "claims_to_roles": null,
                  "kubernetes_resources": null,
                  "max_duration": "8h0m0s",
                  "reason": null,
                  "roles": null,
                  "search_as_roles": [
                    "ACME-access-sec-break-glass"
                  ],
                  "suggested_reviewers": null,
                  "thresholds": [
                    {
                      "approve": 1,
                      "deny": 1,
                      "filter": null,
                      "name": null
                    }
                  ]
                },
                "require_session_join": null,
                "review_requests": null,
                "rules": null,
                "spiffe": null,
                "windows_desktop_labels": null,
                "windows_desktop_labels_expression": null,
                "windows_desktop_logins": null,
                "workload_identity_labels": null,
                "workload_identity_labels_expression": null
              },
              "deny": {
                "account_assignments": null,
                "app_labels": null,
                "app_labels_expression": null,
                "aws_role_arns": null,
                "azure_identities": null,
                "cluster_labels": null,
                "cluster_labels_expression": null,
                "db_labels": null,
                "db_labels_expression": null,
                "db_names": null,
                "db_permissions": null,
                "db_roles": null,
                "db_service_labels": null,
                "db_service_labels_expression": null,
                "db_users": null,
                "desktop_groups": null,
                "gcp_service_accounts": null,
                "github_permissions": null,
                "group_labels": null,
                "group_labels_expression": null,
                "host_groups": null,
                "host_sudoers": null,
                "impersonate": null,
                "join_sessions": null,
                "kubernetes_groups": null,
                "kubernetes_labels": null,
                "kubernetes_labels_expression": null,
                "kubernetes_resources": null,
                "kubernetes_users": null,
                "logins": null,
                "mcp": null,
                "node_labels": null,
                "node_labels_expression": null,
                "request": null,
                "require_session_join": null,
                "review_requests": null,
                "rules": null,
                "spiffe": null,
                "windows_desktop_labels": null,
                "windows_desktop_labels_expression": null,
                "windows_desktop_logins": null,
                "workload_identity_labels": null,
                "workload_identity_labels_expression": null
              },
              "options": {
                "cert_extensions": null,
                "cert_format": "standard",
                "client_idle_timeout": null,
                "create_db_user": false,
                "create_db_user_mode": null,
                "create_desktop_user": false,
                "create_host_user": null,
                "create_host_user_default_shell": null,
                "create_host_user_mode": null,
                "desktop_clipboard": true,
                "desktop_directory_sharing": true,
                "device_trust_mode": null,
                "disconnect_expired_cert": null,
                "enhanced_recording": [
                  "command",
                  "network"
                ],
                "forward_agent": false,
                "idp": null,
                "lock": null,
                "max_connections": null,
                "max_kubernetes_connections": null,
                "max_session_ttl": "30h0m0s",
                "max_sessions": null,
                "mfa_verification_interval": null,
                "permit_x11_forwarding": null,
                "pin_source_ip": false,
                "port_forwarding": null,
                "record_session": {
                  "default": "best_effort",
                  "desktop": true,
                  "ssh": null
                },
                "request_access": null,
                "request_prompt": null,
                "require_session_mfa": null,
                "ssh_file_copy": true,
                "ssh_port_forwarding": null
              }
            },
            "sub_kind": null,
            "version": "v8"
          },
          "sensitive_attributes": [],
          "identity_schema_version": 0,
          "dependencies": [
            "teleport_role.access"
          ]
        }
      ]
    },
    {
      "mode": "managed",
      "type": "teleport_role",
      "name": "reviewer",
      "provider": "provider[\"terraform.releases.teleport.dev/gravitational/teleport\"]",
      "instances": [
        {
          "index_key": "db-admin",
          "schema_version": 0,
          "attributes": {
            "id": "ACME-reviewer-exception-db-admin",
            "kind": "role",
            "metadata": {
              "description": null,
              "expires": null,
              "labels": null,
              "name": "ACME-reviewer-exception-db-admin",
              "namespace": "default",
              "revision": null
            },
            "spec": {
              "allow": {
                "account_assignments": null,
                "app_labels": null,
                "app_labels_expression": null,
                "aws_role_arns": null,
                "azure_identities": null,
                "cluster_labels": null,
                "cluster_labels_expression": null,
                "db_labels": null,
                "db_labels_expression": null,
                "db_names": null,
                "db_permissions": null,
                "db_roles": null,
                "db_service_labels": null,
                "db_service_labels_expression": null,
                "db_users": null,
                "desktop_groups": null,
                "gcp_service_accounts": null,
                "github_permissions": null,
                "group_labels": null,
                "group_labels_expression": null,
                "host_groups": null,
                "host_sudoers": null,
                "impersonate": null,
                "join_sessions": null,
                "kubernetes_groups": null,
                "kubernetes_labels": null,
                "kubernetes_labels_expression": null,
                "kubernetes_resources": [],
                "kubernetes_users": null,
                "logins": null,
                "mcp": null,
                "node_labels": null,
                "node_labels_expression": null,
                "request": null,
                "require_session_join": null,
                "review_requests": {
                  "claims_to_roles": null,
                  "preview_as_roles": [
                    "ACME-access-db-admin"
                  ],
                  "roles": [
                    "ACME-access-db-admin"
                  ],
                  "where": "contains(reviewer.traits[\"cmdb_role_acl\"], \"db_admin_prod\")"
                },
                "rules": null,
                "spiffe": null,
                "windows_desktop_labels": null,
                "windows_desktop_labels_expression": null,
                "windows_desktop_logins": null,
                "workload_identity_labels": null,
                "workload_identity_labels_expression": null
              },
              "deny": {
                "account_assignments": null,
                "app_labels": null,
                "app_labels_expression": null,
                "aws_role_arns": null,
                "azure_identities": null,
                "cluster_labels": null,
                "cluster_labels_expression": null,
                "db_labels": null,
                "db_labels_expression": null,
                "db_names": null,
                "db_permissions": null,
                "db_roles": null,
                "db_service_labels": null,
                "db_service_labels_expression": null,
                "db_users": null,
                "desktop_groups": null,
                "gcp_service_accounts": null,
                "github_permissions": null,
                "group_labels": null,
                "group_labels_expression": null,
                "host_groups": null,
                "host_sudoers": null,
                "impersonate": null,
                "join_sessions": null,
                "kubernetes_groups": null,
                "kubernetes_labels": null,
                "kubernetes_labels_expression": null,
                "kubernetes_resources": null,
                "kubernetes_users": null,
                "logins": null,
                "mcp": null,
                "node_labels": null,
                "node_labels_expression": null,
                "request": null,
                "require_session_join": null,
                "review_requests": null,
                "rules": null,
                "spiffe": null,
                "windows_desktop_labels": null,
                "windows_desktop_labels_expression": null,
                "windows_desktop_logins": null,
                "workload_identity_labels": null,
                "workload_identity_labels_expression": null
              },
              "options": {
                "cert_extensions": null,
                "cert_format": "standard",
                "client_idle_timeout": null,
                "create_db_user": false,
                "create_db_user_mode": null,
                "create_desktop_user": false,
                "create_host_user": null,
                "create_host_user_default_shell": null,
                "create_host_user_mode": null,
                "desktop_clipboard": true,
                "desktop_directory_sharing": true,
                "device_trust_mode": null,
                "disconnect_expired_cert": null,
                "enhanced_recording": [
                  "command",
                  "network"
                ],
                "forward_agent": false,
                "idp": null,
                "lock": null,
                "max_connections": null,
                "max_kubernetes_connections": null,
                "max_session_ttl": "30h0m0s",
                "max_sessions": null,
                "mfa_verification_interval": null,
                "permit_x11_forwarding": null,
                "pin_source_ip": false,
                "port_forwarding": null,
                "record_session": {
                  "default": "best_effort",
                  "desktop": true,
                  "ssh": null
                },
                "request_access": null,
                "request_prompt": null,
                "require_session_mfa": null,
                "ssh_file_copy": true,
                "ssh_port_forwarding": null
              }
            },
            "sub_kind": null,
            "version": "v8"
          },
          "sensitive_attributes": [],
          "identity_schema_version": 0,
          "dependencies": [
            "teleport_role.access"
          ]
        },
        {
          "index_key": "k8s-ops",
          "schema_version": 0,
          "attributes": {
            "id": "ACME-reviewer-exception-k8s-ops",
            "kind": "role",
            "metadata": {
              "description": null,
              "expires": null,
              "labels": null,
              "name": "ACME-reviewer-exception-k8s-ops",
              "namespace": "default",
              "revision": null
            },
            "spec": {
              "allow": {
                "account_assignments": null,
                "app_labels": null,
                "app_labels_expression": null,
                "aws_role_arns": null,
                "azure_identities": null,
                "cluster_labels": null,
                "cluster_labels_expression": null,
                "db_labels": null,
                "db_labels_expression": null,
                "db_names": null,
                "db_permissions": null,
                "db_roles": null,
                "db_service_labels": null,
                "db_service_labels_expression": null,
                "db_users": null,
                "desktop_groups": null,
                "gcp_service_accounts": null,
                "github_permissions": null,
                "group_labels": null,
                "group_labels_expression": null,
                "host_groups": null,
                "host_sudoers": null,
                "impersonate": null,
                "join_sessions": null,
                "kubernetes_groups": null,
                "kubernetes_labels": null,
                "kubernetes_labels_expression": null,
                "kubernetes_resources": [],
                "kubernetes_users": null,
                "logins": null,
                "mcp": null,
                "node_labels": null,
                "node_labels_expression": null,
                "request": null,
                "require_session_join": null,
                "review_requests": {
                  "claims_to_roles": null,
                  "preview_as_roles": [
                    "ACME-access-k8s-ops"
                  ],
                  "roles": [
                    "ACME-access-k8s-ops"
                  ],
                  "where": "contains(reviewer.traits[\"cmdb_role_acl\"], \"k8s_ops_staging\")"
                },
                "rules": null,
                "spiffe": null,
                "windows_desktop_labels": null,
                "windows_desktop_labels_expression": null,
                "windows_desktop_logins": null,
                "workload_identity_labels": null,
                "workload_identity_labels_expression": null
              },
              "deny": {
                "account_assignments": null,
                "app_labels": null,
                "app_labels_expression": null,
                "aws_role_arns": null,
                "azure_identities": null,
                "cluster_labels": null,
                "cluster_labels_expression": null,
                "db_labels": null,
                "db_labels_expression": null,
                "db_names": null,
                "db_permissions": null,
                "db_roles": null,
                "db_service_labels": null,
                "db_service_labels_expression": null,
                "db_users": null,
                "desktop_groups": null,
                "gcp_service_accounts": null,
                "github_permissions": null,
                "group_labels": null,
                "group_labels_expression": null,
                "host_groups": null,
                "host_sudoers": null,
                "impersonate": null,
                "join_sessions": null,
                "kubernetes_groups": null,
                "kubernetes_labels": null,
                "kubernetes_labels_expression": null,
                "kubernetes_resources": null,
                "kubernetes_users": null,
                "logins": null,
                "mcp": null,
                "node_labels": null,
                "node_labels_expression": null,
                "request": null,
                "require_session_join": null,
                "review_requests": null,
                "rules": null,
                "spiffe": null,
                "windows_desktop_labels": null,
                "windows_desktop_labels_expression": null,
                "windows_desktop_logins": null,
                "workload_identity_labels": null,
                "workload_identity_labels_expression": null
              },
              "options": {
                "cert_extensions": null,
                "cert_format": "standard",
                "client_idle_timeout": null,
                "create_db_user": false,
                "create_db_user_mode": null,
                "create_desktop_user": false,
                "create_host_user": null,
                "create_host_user_default_shell": null,
                "create_host_user_mode": null,
                "desktop_clipboard": true,
                "desktop_directory_sharing": true,
                "device_trust_mode": null,
                "disconnect_expired_cert": null,
                "enhanced_recording": [
                  "command",
                  "network"
                ],
                "forward_agent": false,
                "idp": null,
                "lock": null,
                "max_connections": null,
                "max_kubernetes_connections": null,
                "max_session_ttl": "30h0m0s",
                "max_sessions": null,
                "mfa_verification_interval": null,
                "permit_x11_forwarding": null,
                "pin_source_ip": false,
                "port_forwarding": null,
                "record_session": {
                  "default": "best_effort",
                  "desktop": true,
                  "ssh": null
                },
                "request_access": null,
                "request_prompt": null,
                "require_session_mfa": null,
                "ssh_file_copy": true,
                "ssh_port_forwarding": null
              }
            },
            "sub_kind": null,
            "version": "v8"
          },
          "sensitive_attributes": [],
          "identity_schema_version": 0,
          "dependencies": [
            "teleport_role.access"
          ]
        },
        {
          "index_key": "sec-break-glass",
          "schema_version": 0,
          "attributes": {
            "id": "ACME-reviewer-exception-sec-break-glass",
            "kind": "role",
            "metadata": {
              "description": null,
              "expires": null,
              "labels": null,
              "name": "ACME-reviewer-exception-sec-break-glass",
              "namespace": "default",
              "revision": null
            },
            "spec": {
              "allow": {
                "account_assignments": null,
                "app_labels": null,
                "app_labels_expression": null,
                "aws_role_arns": null,
                "azure_identities": null,
                "cluster_labels": null,
                "cluster_labels_expression": null,
                "db_labels": null,
                "db_labels_expression": null,
                "db_names": null,
                "db_permissions": null,
                "db_roles": null,
                "db_service_labels": null,
                "db_service_labels_expression": null,
                "db_users": null,
                "desktop_groups": null,
                "gcp_service_accounts": null,
                "github_permissions": null,
                "group_labels": null,
                "group_labels_expression": null,
                "host_groups": null,
                "host_sudoers": null,
                "impersonate": null,
                "join_sessions": null,
                "kubernetes_groups": null,
                "kubernetes_labels": null,
                "kubernetes_labels_expression": null,
                "kubernetes_resources": [],
                "kubernetes_users": null,
                "logins": null,
                "mcp": null,
                "node_labels": null,
                "node_labels_expression": null,
                "request": null,
                "require_session_join": null,
                "review_requests": {
                  "claims_to_roles": null,
                  "preview_as_roles": [
                    "ACME-access-sec-break-glass"
                  ],
                  "roles": [
                    "ACME-access-sec-break-glass"
                  ],
                  "where": "contains(reviewer.traits[\"cmdb_role_acl\"], \"security_break_glass\")"
                },
                "rules": null,
                "spiffe": null,
                "windows_desktop_labels": null,
                "windows_desktop_labels_expression": null,
                "windows_desktop_logins": null,
                "workload_identity_labels": null,
                "workload_identity_labels_expression": null
              },
              "deny": {
                "account_assignments": null,
                "app_labels": null,
                "app_labels_expression": null,
                "aws_role_arns": null,
                "azure_identities": null,
                "cluster_labels": null,
                "cluster_labels_expression": null,
                "db_labels": null,
                "db_labels_expression": null,
                "db_names": null,
                "db_permissions": null,
                "db_roles": null,
                "db_service_labels": null,
                "db_service_labels_expression": null,
                "db_users": null,
                "desktop_groups": null,
                "gcp_service_accounts": null,
                "github_permissions": null,
                "group_labels": null,
                "group_labels_expression": null,
                "host_groups": null,
                "host_sudoers": null,
                "impersonate": null,
                "join_sessions": null,
                "kubernetes_groups": null,
                "kubernetes_labels": null,
                "kubernetes_labels_expression": null,
                "kubernetes_resources": null,
                "kubernetes_users": null,
                "logins": null,
                "mcp": null,
                "node_labels": null,
                "node_labels_expression": null,
                "request": null,
                "require_session_join": null,
                "review_requests": null,
                "rules": null,
                "spiffe": null,
                "windows_desktop_labels": null,
                "windows_desktop_labels_expression": null,
                "windows_desktop_logins": null,
                "workload_identity_labels": null,
                "workload_identity_labels_expression": null
              },
              "options": {
                "cert_extensions": null,
                "cert_format": "standard",
                "client_idle_timeout": null,
                "create_db_user": false,
                "create_db_user_mode": null,
                "create_desktop_user": false,
                "create_host_user": null,
                "create_host_user_default_shell": null,
                "create_host_user_mode": null,
                "desktop_clipboard": true,
                "desktop_directory_sharing": true,
                "device_trust_mode": null,
                "disconnect_expired_cert": null,
                "enhanced_recording": [
                  "command",
                  "network"
                ],
                "forward_agent": false,
                "idp": null,
                "lock": null,
                "max_connections": null,
                "max_kubernetes_connections": null,
                "max_session_ttl": "30h0m0s",
                "max_sessions": null,
                "mfa_verification_interval": null,
                "permit_x11_forwarding": null,
                "pin_source_ip": false,
                "port_forwarding": null,
                "record_session": {
                  "default": "best_effort",
                  "desktop": true,
                  "ssh": null
                },
                "request_access": null,
                "request_prompt": null,
                "require_session_mfa": null,
                "ssh_file_copy": true,
                "ssh_port_forwarding": null
              }
            },
            "sub_kind": null,
            "version": "v8"
          },
          "sensitive_attributes": [],
          "identity_schema_version": 0,
          "dependencies": [
            "teleport_role.access"
          ]
        }
      ]
    },
    {
      "mode": "managed",
      "type": "teleport_user",
      "name": "acl_members",
      "provider": "provider[\"terraform.releases.teleport.dev/gravitational/teleport\"]",
      "instances": [
        {
          "index_key": "noam.zimet+3@goteleport.com",
          "schema_version": 0,
          "attributes": {
            "id": "noam.zimet+3@goteleport.com",
            "kind": "user",
            "metadata": {
              "description": null,
              "expires": null,
              "labels": {
                "okta/org": "https://trial-6657730.okta.com",
                "teleport.dev/origin": "okta",
                "teleport.internal/okta-user-id": "00u12jzwp2rjrR5hQ698",
                "teleport.internal/okta-user-status": "PROVISIONED"
              },
              "name": "noam.zimet+3@goteleport.com",
              "namespace": "default",
              "revision": "344f0716-c55c-492f-8a52-6ddda01eefdd"
            },
            "spec": {
              "github_identities": null,
              "oidc_identities": null,
              "roles": [
                "okta-requester",
                "okta-requester-2"
              ],
              "saml_identities": null,
              "traits": {
                "groups": [
                  "Everyone",
                  "admin",
                  "cic-test-3"
                ],
                "okta/displayName": [
                  "NZ 3"
                ],
                "okta/email": [
                  "noam.zimet+3@goteleport.com"
                ],
                "okta/emailType": [
                  "work"
                ],
                "okta/familyName": [
                  "3"
                ],
                "okta/givenName": [
                  "NZ"
                ],
                "okta/locale": [
                  "en_US"
                ]
              },
              "trusted_device_ids": null
            },
            "status": {
              "mfa_weakest_device": 1,
              "password_state": 1
            },
            "sub_kind": null,
            "version": "v2"
          },
          "sensitive_attributes": [],
          "identity_schema_version": 0,
          "dependencies": [
            "teleport_role.access",
            "teleport_role.requester",
            "teleport_role.reviewer"
          ]
        },
        {
          "index_key": "noam.zimet+4@goteleport.com",
          "schema_version": 0,
          "attributes": {
            "id": "noam.zimet+4@goteleport.com",
            "kind": "user",
            "metadata": {
              "description": null,
              "expires": null,
              "labels": {
                "okta/org": "https://trial-6657730.okta.com",
                "teleport.dev/origin": "okta",
                "teleport.internal/okta-user-id": "00u12jzyt8a7SMjJw698",
                "teleport.internal/okta-user-status": "PROVISIONED"
              },
              "name": "noam.zimet+4@goteleport.com",
              "namespace": "default",
              "revision": "ca42cab9-6da2-4ca5-bf35-ec5cd69dbffa"
            },
            "spec": {
              "github_identities": null,
              "oidc_identities": null,
              "roles": [
                "okta-requester",
                "okta-requester-2"
              ],
              "saml_identities": null,
              "traits": {
                "groups": [
                  "Everyone",
                  "admin",
                  "cic-test-4"
                ],
                "okta/displayName": [
                  "N 4"
                ],
                "okta/email": [
                  "noam.zimet+4@goteleport.com"
                ],
                "okta/emailType": [
                  "work"
                ],
                "okta/familyName": [
                  "4"
                ],
                "okta/givenName": [
                  "N"
                ],
                "okta/locale": [
                  "en_US"
                ]
              },
              "trusted_device_ids": null
            },
            "status": {
              "mfa_weakest_device": 1,
              "password_state": 1
            },
            "sub_kind": null,
            "version": "v2"
          },
          "sensitive_attributes": [],
          "identity_schema_version": 0,
          "dependencies": [
            "teleport_role.access",
            "teleport_role.requester",
            "teleport_role.reviewer"
          ]
        }
      ]
    }
  ],
  "check_results": null
}
